Microsoft Visual Studio Solution File, Format Version 12.00
# Visual Studio 2013
VisualStudioVersion = 12.0.40629.0
MinimumVisualStudioVersion = 10.0.40219.1
Project("{FAE04EC0-301F-11D3-BF4B-00C04F79EFBC}") = "BLL", "BLL\BLL.csproj", "{38D7AA58-C95B-449B-86C6-A8073A56E11F}"
EndProject
Project("{FAE04EC0-301F-11D3-BF4B-00C04F79EFBC}") = "Model", "Model\Model.csproj", "{53995DBB-9836-4647-AD22-865884FDEB9E}"
EndProject
Project("{FAE04EC0-301F-11D3-BF4B-00C04F79EFBC}") = "DBUtility", "DBUtility\DBUtility.csproj", "{0988C62E-247F-471F-A183-DB509C7A3839}"
EndProject
Project("{FAE04EC0-301F-11D3-BF4B-00C04F79EFBC}") = "DALFactory", "DALFactory\DALFactory.csproj", "{96401C5E-D166-4E4E-98C2-3ECA91B6C7EB}"
EndProject
Project("{FAE04EC0-301F-11D3-BF4B-00C04F79EFBC}") = "IDAL", "IDAL\IDAL.csproj", "{B0706FA2-977C-4523-B093-F57804756498}"
EndProject
Project("{FAE04EC0-301F-11D3-BF4B-00C04F79EFBC}") = "OracleDAL", "OracleDAL\OracleDAL.csproj", "{9FE00521-3A8B-42B1-814E-585E99407B2E}"
EndProject
Project("{FAE04EC0-301F-11D3-BF4B-00C04F79EFBC}") = "SQLServerDAL", "SQLServerDAL\SQLServerDAL.csproj", "{AB835BA2-FFD6-49CD-87B0-E216255BB32E}"
EndProject
Project("{FAE04EC0-301F-11D3-BF4B-00C04F79EFBC}") = "Common", "Common\Common.csproj", "{E3D8759A-C5EB-402D-9F10-F5C6029A8D1A}"
EndProject
Project("{FAE04EC0-301F-11D3-BF4B-00C04F79EFBC}") = "DentalMedicalService", "DentalMedicalService\DentalMedicalService.csproj", "{92F9F55F-7D07-477A-8EE7-122038C23F95}"
EndProject
Project("{FAE04EC0-301F-11D3-BF4B-00C04F79EFBC}") = "DentalEnumeration", "DentalEnumeration\DentalEnumeration.csproj", "{DE43108C-525D-4D30-9655-FE40F289C806}"
EndProject
Project("{FAE04EC0-301F-11D3-BF4B-00C04F79EFBC}") = "test", "test\test.csproj", "{2A2966F4-E4D1-485B-A800-B6DEC850C866}"
EndProject
Project("{FAE04EC0-301F-11D3-BF4B-00C04F79EFBC}") = "dentalWebForm", "dentalWebForm\dentalWebForm.csproj", "{CB9CA696-AC4B-49E2-8685-76781F1CF2A0}"
EndProject
Project("{E24C65DC-7377-472B-9ABA-BC803B73C61A}") = "Dental", "http://localhost:41115", "{678EFE9D-BB02-43C2-9F21-D78837530DAF}"
	ProjectSection(WebsiteProperties) = preProject
		UseIISExpress = "true"
		TargetFrameworkMoniker = ".NETFramework,Version%3Dv4.0"
		Debug.AspNetCompiler.VirtualPath = "/localhost_41115"
		Debug.AspNetCompiler.PhysicalPath = "..\Dental\"
		Debug.AspNetCompiler.TargetPath = "PrecompiledWeb\localhost_41115\"
		Debug.AspNetCompiler.Updateable = "true"
		Debug.AspNetCompiler.ForceOverwrite = "true"
		Debug.AspNetCompiler.FixedNames = "false"
		Debug.AspNetCompiler.Debug = "True"
		Release.AspNetCompiler.VirtualPath = "/localhost_41115"
		Release.AspNetCompiler.PhysicalPath = "..\Dental\"
		Release.AspNetCompiler.TargetPath = "PrecompiledWeb\localhost_41115\"
		Release.AspNetCompiler.Updateable = "true"
		Release.AspNetCompiler.ForceOverwrite = "true"
		Release.AspNetCompiler.FixedNames = "false"
		Release.AspNetCompiler.Debug = "False"
		SlnRelativePath = "..\Dental\"
	EndProjectSection
EndProject
Project("{FAE04EC0-301F-11D3-BF4B-00C04F79EFBC}") = "Web", "Web\Web.csproj", "{5B535162-10C2-4238-BC56-193B968E1834}"
EndProject
Project("{E24C65DC-7377-472B-9ABA-BC803B73C61A}") = "ClearDesign(1)", "http://localhost:50621", "{200B3D1A-4055-44CF-BEF9-A018627DBB6A}"
	ProjectSection(WebsiteProperties) = preProject
		UseIISExpress = "true"
		TargetFrameworkMoniker = ".NETFramework,Version%3Dv4.0"
		Debug.AspNetCompiler.VirtualPath = "/localhost_50621"
		Debug.AspNetCompiler.PhysicalPath = "..\..\..\..\¿ÉÀö¶û\ClearSite\trunk\Web\PC\ClearDesign\"
		Debug.AspNetCompiler.TargetPath = "PrecompiledWeb\localhost_50621\"
		Debug.AspNetCompiler.Updateable = "true"
		Debug.AspNetCompiler.ForceOverwrite = "true"
		Debug.AspNetCompiler.FixedNames = "false"
		Debug.AspNetCompiler.Debug = "True"
		Release.AspNetCompiler.VirtualPath = "/localhost_50621"
		Release.AspNetCompiler.PhysicalPath = "..\..\..\..\¿ÉÀö¶û\ClearSite\trunk\Web\PC\ClearDesign\"
		Release.AspNetCompiler.TargetPath = "PrecompiledWeb\localhost_50621\"
		Release.AspNetCompiler.Updateable = "true"
		Release.AspNetCompiler.ForceOverwrite = "true"
		Release.AspNetCompiler.FixedNames = "false"
		Release.AspNetCompiler.Debug = "False"
		SlnRelativePath = "..\..\..\..\¿ÉÀö¶û\ClearSite\trunk\Web\PC\ClearDesign\"
	EndProjectSection
EndProject
Project("{E24C65DC-7377-472B-9ABA-BC803B73C61A}") = "ClearDoctor(1)", "http://localhost:50661", "{7C38BAB9-E067-458D-A1B6-07120AEA5BB9}"
	ProjectSection(WebsiteProperties) = preProject
		UseIISExpress = "true"
		TargetFrameworkMoniker = ".NETFramework,Version%3Dv4.0"
		Debug.AspNetCompiler.VirtualPath = "/localhost_50661"
		Debug.AspNetCompiler.PhysicalPath = "..\..\..\..\¿ÉÀö¶û\ClearSite\trunk\Web\PC\ClearDoctor\"
		Debug.AspNetCompiler.TargetPath = "PrecompiledWeb\localhost_50661\"
		Debug.AspNetCompiler.Updateable = "true"
		Debug.AspNetCompiler.ForceOverwrite = "true"
		Debug.AspNetCompiler.FixedNames = "false"
		Debug.AspNetCompiler.Debug = "True"
		Release.AspNetCompiler.VirtualPath = "/localhost_50661"
		Release.AspNetCompiler.PhysicalPath = "..\..\..\..\¿ÉÀö¶û\ClearSite\trunk\Web\PC\ClearDoctor\"
		Release.AspNetCompiler.TargetPath = "PrecompiledWeb\localhost_50661\"
		Release.AspNetCompiler.Updateable = "true"
		Release.AspNetCompiler.ForceOverwrite = "true"
		Release.AspNetCompiler.FixedNames = "false"
		Release.AspNetCompiler.Debug = "False"
		SlnRelativePath = "..\..\..\..\¿ÉÀö¶û\ClearSite\trunk\Web\PC\ClearDoctor\"
	EndProjectSection
EndProject
Project("{E24C65DC-7377-472B-9ABA-BC803B73C61A}") = "ClearWeb(1)", "http://localhost:51055", "{819C7446-FC8F-4F96-B2E5-6069A8429FD7}"
	ProjectSection(WebsiteProperties) = preProject
		UseIISExpress = "true"
		TargetFrameworkMoniker = ".NETFramework,Version%3Dv4.0"
		Debug.AspNetCompiler.VirtualPath = "/localhost_51055"
		Debug.AspNetCompiler.PhysicalPath = "..\..\..\..\¿ÉÀö¶û\ClearSite\trunk\Web\PC\ClearWeb\"
		Debug.AspNetCompiler.TargetPath = "PrecompiledWeb\localhost_51055\"
		Debug.AspNetCompiler.Updateable = "true"
		Debug.AspNetCompiler.ForceOverwrite = "true"
		Debug.AspNetCompiler.FixedNames = "false"
		Debug.AspNetCompiler.Debug = "True"
		Release.AspNetCompiler.VirtualPath = "/localhost_51055"
		Release.AspNetCompiler.PhysicalPath = "..\..\..\..\¿ÉÀö¶û\ClearSite\trunk\Web\PC\ClearWeb\"
		Release.AspNetCompiler.TargetPath = "PrecompiledWeb\localhost_51055\"
		Release.AspNetCompiler.Updateable = "true"
		Release.AspNetCompiler.ForceOverwrite = "true"
		Release.AspNetCompiler.FixedNames = "false"
		Release.AspNetCompiler.Debug = "False"
		SlnRelativePath = "..\..\..\..\¿ÉÀö¶û\ClearSite\trunk\Web\PC\ClearWeb\"
	EndProjectSection
EndProject
Project("{E24C65DC-7377-472B-9ABA-BC803B73C61A}") = "ClearWork(1)", "http://localhost:51058", "{75133810-BE15-4762-A8F7-A3BF689D7966}"
	ProjectSection(WebsiteProperties) = preProject
		UseIISExpress = "true"
		TargetFrameworkMoniker = ".NETFramework,Version%3Dv4.0"
		Debug.AspNetCompiler.VirtualPath = "/localhost_51058"
		Debug.AspNetCompiler.PhysicalPath = "..\..\..\..\¿ÉÀö¶û\ClearSite\trunk\Web\PC\ClearWork\"
		Debug.AspNetCompiler.TargetPath = "PrecompiledWeb\localhost_51058\"
		Debug.AspNetCompiler.Updateable = "true"
		Debug.AspNetCompiler.ForceOverwrite = "true"
		Debug.AspNetCompiler.FixedNames = "false"
		Debug.AspNetCompiler.Debug = "True"
		Release.AspNetCompiler.VirtualPath = "/localhost_51058"
		Release.AspNetCompiler.PhysicalPath = "..\..\..\..\¿ÉÀö¶û\ClearSite\trunk\Web\PC\ClearWork\"
		Release.AspNetCompiler.TargetPath = "PrecompiledWeb\localhost_51058\"
		Release.AspNetCompiler.Updateable = "true"
		Release.AspNetCompiler.ForceOverwrite = "true"
		Release.AspNetCompiler.FixedNames = "false"
		Release.AspNetCompiler.Debug = "False"
		SlnRelativePath = "..\..\..\..\¿ÉÀö¶û\ClearSite\trunk\Web\PC\ClearWork\"
	EndProjectSection
EndProject
Project("{E24C65DC-7377-472B-9ABA-BC803B73C61A}") = "ClearWap(1)", "http://localhost:51064", "{7F7254B6-0BB4-4EB8-9E1B-F3F49D64182F}"
	ProjectSection(WebsiteProperties) = preProject
		UseIISExpress = "true"
		TargetFrameworkMoniker = ".NETFramework,Version%3Dv3.5"
		Debug.AspNetCompiler.VirtualPath = "/localhost_51064"
		Debug.AspNetCompiler.PhysicalPath = "..\..\..\..\¿ÉÀö¶û\ClearSite\trunk\Web\WeChat\ClearWap\"
		Debug.AspNetCompiler.TargetPath = "PrecompiledWeb\localhost_51064\"
		Debug.AspNetCompiler.Updateable = "true"
		Debug.AspNetCompiler.ForceOverwrite = "true"
		Debug.AspNetCompiler.FixedNames = "false"
		Debug.AspNetCompiler.Debug = "True"
		Release.AspNetCompiler.VirtualPath = "/localhost_51064"
		Release.AspNetCompiler.PhysicalPath = "..\..\..\..\¿ÉÀö¶û\ClearSite\trunk\Web\WeChat\ClearWap\"
		Release.AspNetCompiler.TargetPath = "PrecompiledWeb\localhost_51064\"
		Release.AspNetCompiler.Updateable = "true"
		Release.AspNetCompiler.ForceOverwrite = "true"
		Release.AspNetCompiler.FixedNames = "false"
		Release.AspNetCompiler.Debug = "False"
		SlnRelativePath = "..\..\..\..\¿ÉÀö¶û\ClearSite\trunk\Web\WeChat\ClearWap\"
	EndProjectSection
EndProject
Project("{E24C65DC-7377-472B-9ABA-BC803B73C61A}") = "ClearWeixin(1)", "http://localhost:51070", "{C55CE718-E6BF-48FF-8FE7-C1C16436D9D4}"
	ProjectSection(WebsiteProperties) = preProject
		UseIISExpress = "true"
		TargetFrameworkMoniker = ".NETFramework,Version%3Dv4.5"
		Debug.AspNetCompiler.VirtualPath = "/localhost_51070"
		Debug.AspNetCompiler.PhysicalPath = "..\..\..\..\¿ÉÀö¶û\ClearSite\trunk\Web\WeChat\ClearWeixin\"
		Debug.AspNetCompiler.TargetPath = "PrecompiledWeb\localhost_51070\"
		Debug.AspNetCompiler.Updateable = "true"
		Debug.AspNetCompiler.ForceOverwrite = "true"
		Debug.AspNetCompiler.FixedNames = "false"
		Debug.AspNetCompiler.Debug = "True"
		Release.AspNetCompiler.VirtualPath = "/localhost_51070"
		Release.AspNetCompiler.PhysicalPath = "..\..\..\..\¿ÉÀö¶û\ClearSite\trunk\Web\WeChat\ClearWeixin\"
		Release.AspNetCompiler.TargetPath = "PrecompiledWeb\localhost_51070\"
		Release.AspNetCompiler.Updateable = "true"
		Release.AspNetCompiler.ForceOverwrite = "true"
		Release.AspNetCompiler.FixedNames = "false"
		Release.AspNetCompiler.Debug = "False"
		SlnRelativePath = "..\..\..\..\¿ÉÀö¶û\ClearSite\trunk\Web\WeChat\ClearWeixin\"
	EndProjectSection
EndProject
Global
	GlobalSection(SolutionConfigurationPlatforms) = preSolution
		Debug|.NET = Debug|.NET
		Debug|Any CPU = Debug|Any CPU
		Debug|Mixed Platforms = Debug|Mixed Platforms
		Release|.NET = Release|.NET
		Release|Any CPU = Release|Any CPU
		Release|Mixed Platforms = Release|Mixed Platforms
	EndGlobalSection
	GlobalSection(ProjectConfigurationPlatforms) = postSolution
		{38D7AA58-C95B-449B-86C6-A8073A56E11F}.Debug|.NET.ActiveCfg = Debug|Any CPU
		{38D7AA58-C95B-449B-86C6-A8073A56E11F}.Debug|Any CPU.ActiveCfg = Debug|Any CPU
		{38D7AA58-C95B-449B-86C6-A8073A56E11F}.Debug|Any CPU.Build.0 = Debug|Any CPU
		{38D7AA58-C95B-449B-86C6-A8073A56E11F}.Debug|Mixed Platforms.ActiveCfg = Debug|Any CPU
		{38D7AA58-C95B-449B-86C6-A8073A56E11F}.Debug|Mixed Platforms.Build.0 = Debug|Any CPU
		{38D7AA58-C95B-449B-86C6-A8073A56E11F}.Release|.NET.ActiveCfg = Release|Any CPU
		{38D7AA58-C95B-449B-86C6-A8073A56E11F}.Release|Any CPU.ActiveCfg = Release|Any CPU
		{38D7AA58-C95B-449B-86C6-A8073A56E11F}.Release|Any CPU.Build.0 = Release|Any CPU
		{38D7AA58-C95B-449B-86C6-A8073A56E11F}.Release|Mixed Platforms.ActiveCfg = Release|Any CPU
		{38D7AA58-C95B-449B-86C6-A8073A56E11F}.Release|Mixed Platforms.Build.0 = Release|Any CPU
		{53995DBB-9836-4647-AD22-865884FDEB9E}.Debug|.NET.ActiveCfg = Debug|Any CPU
		{53995DBB-9836-4647-AD22-865884FDEB9E}.Debug|Any CPU.ActiveCfg = Debug|Any CPU
		{53995DBB-9836-4647-AD22-865884FDEB9E}.Debug|Any CPU.Build.0 = Debug|Any CPU
		{53995DBB-9836-4647-AD22-865884FDEB9E}.Debug|Mixed Platforms.ActiveCfg = Debug|Any CPU
		{53995DBB-9836-4647-AD22-865884FDEB9E}.Debug|Mixed Platforms.Build.0 = Debug|Any CPU
		{53995DBB-9836-4647-AD22-865884FDEB9E}.Release|.NET.ActiveCfg = Release|Any CPU
		{53995DBB-9836-4647-AD22-865884FDEB9E}.Release|Any CPU.ActiveCfg = Release|Any CPU
		{53995DBB-9836-4647-AD22-865884FDEB9E}.Release|Any CPU.Build.0 = Release|Any CPU
		{53995DBB-9836-4647-AD22-865884FDEB9E}.Release|Mixed Platforms.ActiveCfg = Release|Any CPU
		{53995DBB-9836-4647-AD22-865884FDEB9E}.Release|Mixed Platforms.Build.0 = Release|Any CPU
		{0988C62E-247F-471F-A183-DB509C7A3839}.Debug|.NET.ActiveCfg = Debug|Any CPU
		{0988C62E-247F-471F-A183-DB509C7A3839}.Debug|Any CPU.ActiveCfg = Debug|Any CPU
		{0988C62E-247F-471F-A183-DB509C7A3839}.Debug|Any CPU.Build.0 = Debug|Any CPU
		{0988C62E-247F-471F-A183-DB509C7A3839}.Debug|Mixed Platforms.ActiveCfg = Debug|Any CPU
		{0988C62E-247F-471F-A183-DB509C7A3839}.Debug|Mixed Platforms.Build.0 = Debug|Any CPU
		{0988C62E-247F-471F-A183-DB509C7A3839}.Release|.NET.ActiveCfg = Release|Any CPU
		{0988C62E-247F-471F-A183-DB509C7A3839}.Release|Any CPU.ActiveCfg = Release|Any CPU
		{0988C62E-247F-471F-A183-DB509C7A3839}.Release|Any CPU.Build.0 = Release|Any CPU
		{0988C62E-247F-471F-A183-DB509C7A3839}.Release|Mixed Platforms.ActiveCfg = Release|Any CPU
		{0988C62E-247F-471F-A183-DB509C7A3839}.Release|Mixed Platforms.Build.0 = Release|Any CPU
		{96401C5E-D166-4E4E-98C2-3ECA91B6C7EB}.Debug|.NET.ActiveCfg = Debug|Any CPU
		{96401C5E-D166-4E4E-98C2-3ECA91B6C7EB}.Debug|Any CPU.ActiveCfg = Debug|Any CPU
		{96401C5E-D166-4E4E-98C2-3ECA91B6C7EB}.Debug|Any CPU.Build.0 = Debug|Any CPU
		{96401C5E-D166-4E4E-98C2-3ECA91B6C7EB}.Debug|Mixed Platforms.ActiveCfg = Debug|Any CPU
		{96401C5E-D166-4E4E-98C2-3ECA91B6C7EB}.Debug|Mixed Platforms.Build.0 = Debug|Any CPU
		{96401C5E-D166-4E4E-98C2-3ECA91B6C7EB}.Release|.NET.ActiveCfg = Release|Any CPU
		{96401C5E-D166-4E4E-98C2-3ECA91B6C7EB}.Release|Any CPU.ActiveCfg = Release|Any CPU
		{96401C5E-D166-4E4E-98C2-3ECA91B6C7EB}.Release|Any CPU.Build.0 = Release|Any CPU
		{96401C5E-D166-4E4E-98C2-3ECA91B6C7EB}.Release|Mixed Platforms.ActiveCfg = Release|Any CPU
		{96401C5E-D166-4E4E-98C2-3ECA91B6C7EB}.Release|Mixed Platforms.Build.0 = Release|Any CPU
		{B0706FA2-977C-4523-B093-F57804756498}.Debug|.NET.ActiveCfg = Debug|Any CPU
		{B0706FA2-977C-4523-B093-F57804756498}.Debug|Any CPU.ActiveCfg = Debug|Any CPU
		{B0706FA2-977C-4523-B093-F57804756498}.Debug|Any CPU.Build.0 = Debug|Any CPU
		{B0706FA2-977C-4523-B093-F57804756498}.Debug|Mixed Platforms.ActiveCfg = Debug|Any CPU
		{B0706FA2-977C-4523-B093-F57804756498}.Debug|Mixed Platforms.Build.0 = Debug|Any CPU
		{B0706FA2-977C-4523-B093-F57804756498}.Release|.NET.ActiveCfg = Release|Any CPU
		{B0706FA2-977C-4523-B093-F57804756498}.Release|Any CPU.ActiveCfg = Release|Any CPU
		{B0706FA2-977C-4523-B093-F57804756498}.Release|Any CPU.Build.0 = Release|Any CPU
		{B0706FA2-977C-4523-B093-F57804756498}.Release|Mixed Platforms.ActiveCfg = Release|Any CPU
		{B0706FA2-977C-4523-B093-F57804756498}.Release|Mixed Platforms.Build.0 = Release|Any CPU
		{9FE00521-3A8B-42B1-814E-585E99407B2E}.Debug|.NET.ActiveCfg = Debug|Any CPU
		{9FE00521-3A8B-42B1-814E-585E99407B2E}.Debug|Any CPU.ActiveCfg = Debug|Any CPU
		{9FE00521-3A8B-42B1-814E-585E99407B2E}.Debug|Any CPU.Build.0 = Debug|Any CPU
		{9FE00521-3A8B-42B1-814E-585E99407B2E}.Debug|Mixed Platforms.ActiveCfg = Debug|Any CPU
		{9FE00521-3A8B-42B1-814E-585E99407B2E}.Debug|Mixed Platforms.Build.0 = Debug|Any CPU
		{9FE00521-3A8B-42B1-814E-585E99407B2E}.Release|.NET.ActiveCfg = Release|Any CPU
		{9FE00521-3A8B-42B1-814E-585E99407B2E}.Release|Any CPU.ActiveCfg = Release|Any CPU
		{9FE00521-3A8B-42B1-814E-585E99407B2E}.Release|Any CPU.Build.0 = Release|Any CPU
		{9FE00521-3A8B-42B1-814E-585E99407B2E}.Release|Mixed Platforms.ActiveCfg = Release|Any CPU
		{9FE00521-3A8B-42B1-814E-585E99407B2E}.Release|Mixed Platforms.Build.0 = Release|Any CPU
		{AB835BA2-FFD6-49CD-87B0-E216255BB32E}.Debug|.NET.ActiveCfg = Debug|Any CPU
		{AB835BA2-FFD6-49CD-87B0-E216255BB32E}.Debug|Any CPU.ActiveCfg = Debug|Any CPU
		{AB835BA2-FFD6-49CD-87B0-E216255BB32E}.Debug|Any CPU.Build.0 = Debug|Any CPU
		{AB835BA2-FFD6-49CD-87B0-E216255BB32E}.Debug|Mixed Platforms.ActiveCfg = Debug|Any CPU
		{AB835BA2-FFD6-49CD-87B0-E216255BB32E}.Debug|Mixed Platforms.Build.0 = Debug|Any CPU
		{AB835BA2-FFD6-49CD-87B0-E216255BB32E}.Release|.NET.ActiveCfg = Release|Any CPU
		{AB835BA2-FFD6-49CD-87B0-E216255BB32E}.Release|Any CPU.ActiveCfg = Release|Any CPU
		{AB835BA2-FFD6-49CD-87B0-E216255BB32E}.Release|Any CPU.Build.0 = Release|Any CPU
		{AB835BA2-FFD6-49CD-87B0-E216255BB32E}.Release|Mixed Platforms.ActiveCfg = Release|Any CPU
		{AB835BA2-FFD6-49CD-87B0-E216255BB32E}.Release|Mixed Platforms.Build.0 = Release|Any CPU
		{E3D8759A-C5EB-402D-9F10-F5C6029A8D1A}.Debug|.NET.ActiveCfg = Debug|Any CPU
		{E3D8759A-C5EB-402D-9F10-F5C6029A8D1A}.Debug|Any CPU.ActiveCfg = Debug|Any CPU
		{E3D8759A-C5EB-402D-9F10-F5C6029A8D1A}.Debug|Any CPU.Build.0 = Debug|Any CPU
		{E3D8759A-C5EB-402D-9F10-F5C6029A8D1A}.Debug|Mixed Platforms.ActiveCfg = Debug|Any CPU
		{E3D8759A-C5EB-402D-9F10-F5C6029A8D1A}.Debug|Mixed Platforms.Build.0 = Debug|Any CPU
		{E3D8759A-C5EB-402D-9F10-F5C6029A8D1A}.Release|.NET.ActiveCfg = Release|Any CPU
		{E3D8759A-C5EB-402D-9F10-F5C6029A8D1A}.Release|Any CPU.ActiveCfg = Release|Any CPU
		{E3D8759A-C5EB-402D-9F10-F5C6029A8D1A}.Release|Any CPU.Build.0 = Release|Any CPU
		{E3D8759A-C5EB-402D-9F10-F5C6029A8D1A}.Release|Mixed Platforms.ActiveCfg = Release|Any CPU
		{E3D8759A-C5EB-402D-9F10-F5C6029A8D1A}.Release|Mixed Platforms.Build.0 = Release|Any CPU
		{92F9F55F-7D07-477A-8EE7-122038C23F95}.Debug|.NET.ActiveCfg = Debug|Any CPU
		{92F9F55F-7D07-477A-8EE7-122038C23F95}.Debug|Any CPU.ActiveCfg = Debug|Any CPU
		{92F9F55F-7D07-477A-8EE7-122038C23F95}.Debug|Any CPU.Build.0 = Debug|Any CPU
		{92F9F55F-7D07-477A-8EE7-122038C23F95}.Debug|Mixed Platforms.ActiveCfg = Debug|Any CPU
		{92F9F55F-7D07-477A-8EE7-122038C23F95}.Debug|Mixed Platforms.Build.0 = Debug|Any CPU
		{92F9F55F-7D07-477A-8EE7-122038C23F95}.Release|.NET.ActiveCfg = Release|Any CPU
		{92F9F55F-7D07-477A-8EE7-122038C23F95}.Release|Any CPU.ActiveCfg = Release|Any CPU
		{92F9F55F-7D07-477A-8EE7-122038C23F95}.Release|Any CPU.Build.0 = Release|Any CPU
		{92F9F55F-7D07-477A-8EE7-122038C23F95}.Release|Mixed Platforms.ActiveCfg = Release|Any CPU
		{92F9F55F-7D07-477A-8EE7-122038C23F95}.Release|Mixed Platforms.Build.0 = Release|Any CPU
		{DE43108C-525D-4D30-9655-FE40F289C806}.Debug|.NET.ActiveCfg = Debug|Any CPU
		{DE43108C-525D-4D30-9655-FE40F289C806}.Debug|Any CPU.ActiveCfg = Debug|Any CPU
		{DE43108C-525D-4D30-9655-FE40F289C806}.Debug|Any CPU.Build.0 = Debug|Any CPU
		{DE43108C-525D-4D30-9655-FE40F289C806}.Debug|Mixed Platforms.ActiveCfg = Debug|Any CPU
		{DE43108C-525D-4D30-9655-FE40F289C806}.Debug|Mixed Platforms.Build.0 = Debug|Any CPU
		{DE43108C-525D-4D30-9655-FE40F289C806}.Release|.NET.ActiveCfg = Release|Any CPU
		{DE43108C-525D-4D30-9655-FE40F289C806}.Release|Any CPU.ActiveCfg = Release|Any CPU
		{DE43108C-525D-4D30-9655-FE40F289C806}.Release|Any CPU.Build.0 = Release|Any CPU
		{DE43108C-525D-4D30-9655-FE40F289C806}.Release|Mixed Platforms.ActiveCfg = Release|Any CPU
		{DE43108C-525D-4D30-9655-FE40F289C806}.Release|Mixed Platforms.Build.0 = Release|Any CPU
		{2A2966F4-E4D1-485B-A800-B6DEC850C866}.Debug|.NET.ActiveCfg = Debug|Any CPU
		{2A2966F4-E4D1-485B-A800-B6DEC850C866}.Debug|Any CPU.ActiveCfg = Debug|Any CPU
		{2A2966F4-E4D1-485B-A800-B6DEC850C866}.Debug|Any CPU.Build.0 = Debug|Any CPU
		{2A2966F4-E4D1-485B-A800-B6DEC850C866}.Debug|Mixed Platforms.ActiveCfg = Debug|Any CPU
		{2A2966F4-E4D1-485B-A800-B6DEC850C866}.Debug|Mixed Platforms.Build.0 = Debug|Any CPU
		{2A2966F4-E4D1-485B-A800-B6DEC850C866}.Release|.NET.ActiveCfg = Release|Any CPU
		{2A2966F4-E4D1-485B-A800-B6DEC850C866}.Release|Any CPU.ActiveCfg = Release|Any CPU
		{2A2966F4-E4D1-485B-A800-B6DEC850C866}.Release|Any CPU.Build.0 = Release|Any CPU
		{2A2966F4-E4D1-485B-A800-B6DEC850C866}.Release|Mixed Platforms.ActiveCfg = Release|Any CPU
		{2A2966F4-E4D1-485B-A800-B6DEC850C866}.Release|Mixed Platforms.Build.0 = Release|Any CPU
		{CB9CA696-AC4B-49E2-8685-76781F1CF2A0}.Debug|.NET.ActiveCfg = Debug|Any CPU
		{CB9CA696-AC4B-49E2-8685-76781F1CF2A0}.Debug|Any CPU.ActiveCfg = Debug|Any CPU
		{CB9CA696-AC4B-49E2-8685-76781F1CF2A0}.Debug|Any CPU.Build.0 = Debug|Any CPU
		{CB9CA696-AC4B-49E2-8685-76781F1CF2A0}.Debug|Mixed Platforms.ActiveCfg = Debug|Any CPU
		{CB9CA696-AC4B-49E2-8685-76781F1CF2A0}.Debug|Mixed Platforms.Build.0 = Debug|Any CPU
		{CB9CA696-AC4B-49E2-8685-76781F1CF2A0}.Release|.NET.ActiveCfg = Release|Any CPU
		{CB9CA696-AC4B-49E2-8685-76781F1CF2A0}.Release|Any CPU.ActiveCfg = Release|Any CPU
		{CB9CA696-AC4B-49E2-8685-76781F1CF2A0}.Release|Any CPU.Build.0 = Release|Any CPU
		{CB9CA696-AC4B-49E2-8685-76781F1CF2A0}.Release|Mixed Platforms.ActiveCfg = Release|Any CPU
		{CB9CA696-AC4B-49E2-8685-76781F1CF2A0}.Release|Mixed Platforms.Build.0 = Release|Any CPU
		{678EFE9D-BB02-43C2-9F21-D78837530DAF}.Debug|.NET.ActiveCfg = Debug|Any CPU
		{678EFE9D-BB02-43C2-9F21-D78837530DAF}.Debug|Any CPU.ActiveCfg = Debug|Any CPU
		{678EFE9D-BB02-43C2-9F21-D78837530DAF}.Debug|Any CPU.Build.0 = Debug|Any CPU
		{678EFE9D-BB02-43C2-9F21-D78837530DAF}.Debug|Mixed Platforms.ActiveCfg = Debug|Any CPU
		{678EFE9D-BB02-43C2-9F21-D78837530DAF}.Debug|Mixed Platforms.Build.0 = Debug|Any CPU
		{678EFE9D-BB02-43C2-9F21-D78837530DAF}.Release|.NET.ActiveCfg = Debug|Any CPU
		{678EFE9D-BB02-43C2-9F21-D78837530DAF}.Release|Any CPU.ActiveCfg = Debug|Any CPU
		{678EFE9D-BB02-43C2-9F21-D78837530DAF}.Release|Any CPU.Build.0 = Debug|Any CPU
		{678EFE9D-BB02-43C2-9F21-D78837530DAF}.Release|Mixed Platforms.ActiveCfg = Debug|Any CPU
		{678EFE9D-BB02-43C2-9F21-D78837530DAF}.Release|Mixed Platforms.Build.0 = Debug|Any CPU
		{5B535162-10C2-4238-BC56-193B968E1834}.Debug|.NET.ActiveCfg = Debug|Any CPU
		{5B535162-10C2-4238-BC56-193B968E1834}.Debug|Any CPU.ActiveCfg = Debug|Any CPU
		{5B535162-10C2-4238-BC56-193B968E1834}.Debug|Any CPU.Build.0 = Debug|Any CPU
		{5B535162-10C2-4238-BC56-193B968E1834}.Debug|Mixed Platforms.ActiveCfg = Debug|Any CPU
		{5B535162-10C2-4238-BC56-193B968E1834}.Debug|Mixed Platforms.Build.0 = Debug|Any CPU
		{5B535162-10C2-4238-BC56-193B968E1834}.Release|.NET.ActiveCfg = Release|Any CPU
		{5B535162-10C2-4238-BC56-193B968E1834}.Release|Any CPU.ActiveCfg = Release|Any CPU
		{5B535162-10C2-4238-BC56-193B968E1834}.Release|Any CPU.Build.0 = Release|Any CPU
		{5B535162-10C2-4238-BC56-193B968E1834}.Release|Mixed Platforms.ActiveCfg = Release|Any CPU
		{5B535162-10C2-4238-BC56-193B968E1834}.Release|Mixed Platforms.Build.0 = Release|Any CPU
		{200B3D1A-4055-44CF-BEF9-A018627DBB6A}.Debug|.NET.ActiveCfg = Debug|Any CPU
		{200B3D1A-4055-44CF-BEF9-A018627DBB6A}.Debug|Any CPU.ActiveCfg = Debug|Any CPU
		{200B3D1A-4055-44CF-BEF9-A018627DBB6A}.Debug|Any CPU.Build.0 = Debug|Any CPU
		{200B3D1A-4055-44CF-BEF9-A018627DBB6A}.Debug|Mixed Platforms.ActiveCfg = Debug|Any CPU
		{200B3D1A-4055-44CF-BEF9-A018627DBB6A}.Debug|Mixed Platforms.Build.0 = Debug|Any CPU
		{200B3D1A-4055-44CF-BEF9-A018627DBB6A}.Release|.NET.ActiveCfg = Debug|Any CPU
		{200B3D1A-4055-44CF-BEF9-A018627DBB6A}.Release|Any CPU.ActiveCfg = Debug|Any CPU
		{200B3D1A-4055-44CF-BEF9-A018627DBB6A}.Release|Any CPU.Build.0 = Debug|Any CPU
		{200B3D1A-4055-44CF-BEF9-A018627DBB6A}.Release|Mixed Platforms.ActiveCfg = Debug|Any CPU
		{200B3D1A-4055-44CF-BEF9-A018627DBB6A}.Release|Mixed Platforms.Build.0 = Debug|Any CPU
		{7C38BAB9-E067-458D-A1B6-07120AEA5BB9}.Debug|.NET.ActiveCfg = Debug|Any CPU
		{7C38BAB9-E067-458D-A1B6-07120AEA5BB9}.Debug|Any CPU.ActiveCfg = Debug|Any CPU
		{7C38BAB9-E067-458D-A1B6-07120AEA5BB9}.Debug|Any CPU.Build.0 = Debug|Any CPU
		{7C38BAB9-E067-458D-A1B6-07120AEA5BB9}.Debug|Mixed Platforms.ActiveCfg = Debug|Any CPU
		{7C38BAB9-E067-458D-A1B6-07120AEA5BB9}.Debug|Mixed Platforms.Build.0 = Debug|Any CPU
		{7C38BAB9-E067-458D-A1B6-07120AEA5BB9}.Release|.NET.ActiveCfg = Debug|Any CPU
		{7C38BAB9-E067-458D-A1B6-07120AEA5BB9}.Release|Any CPU.ActiveCfg = Debug|Any CPU
		{7C38BAB9-E067-458D-A1B6-07120AEA5BB9}.Release|Any CPU.Build.0 = Debug|Any CPU
		{7C38BAB9-E067-458D-A1B6-07120AEA5BB9}.Release|Mixed Platforms.ActiveCfg = Debug|Any CPU
		{7C38BAB9-E067-458D-A1B6-07120AEA5BB9}.Release|Mixed Platforms.Build.0 = Debug|Any CPU
		{819C7446-FC8F-4F96-B2E5-6069A8429FD7}.Debug|.NET.ActiveCfg = Debug|Any CPU
		{819C7446-FC8F-4F96-B2E5-6069A8429FD7}.Debug|Any CPU.ActiveCfg = Debug|Any CPU
		{819C7446-FC8F-4F96-B2E5-6069A8429FD7}.Debug|Any CPU.Build.0 = Debug|Any CPU
		{819C7446-FC8F-4F96-B2E5-6069A8429FD7}.Debug|Mixed Platforms.ActiveCfg = Debug|Any CPU
		{819C7446-FC8F-4F96-B2E5-6069A8429FD7}.Debug|Mixed Platforms.Build.0 = Debug|Any CPU
		{819C7446-FC8F-4F96-B2E5-6069A8429FD7}.Release|.NET.ActiveCfg = Debug|Any CPU
		{819C7446-FC8F-4F96-B2E5-6069A8429FD7}.Release|Any CPU.ActiveCfg = Debug|Any CPU
		{819C7446-FC8F-4F96-B2E5-6069A8429FD7}.Release|Any CPU.Build.0 = Debug|Any CPU
		{819C7446-FC8F-4F96-B2E5-6069A8429FD7}.Release|Mixed Platforms.ActiveCfg = Debug|Any CPU
		{819C7446-FC8F-4F96-B2E5-6069A8429FD7}.Release|Mixed Platforms.Build.0 = Debug|Any CPU
		{75133810-BE15-4762-A8F7-A3BF689D7966}.Debug|.NET.ActiveCfg = Debug|Any CPU
		{75133810-BE15-4762-A8F7-A3BF689D7966}.Debug|Any CPU.ActiveCfg = Debug|Any CPU
		{75133810-BE15-4762-A8F7-A3BF689D7966}.Debug|Any CPU.Build.0 = Debug|Any CPU
		{75133810-BE15-4762-A8F7-A3BF689D7966}.Debug|Mixed Platforms.ActiveCfg = Debug|Any CPU
		{75133810-BE15-4762-A8F7-A3BF689D7966}.Debug|Mixed Platforms.Build.0 = Debug|Any CPU
		{75133810-BE15-4762-A8F7-A3BF689D7966}.Release|.NET.ActiveCfg = Debug|Any CPU
		{75133810-BE15-4762-A8F7-A3BF689D7966}.Release|Any CPU.ActiveCfg = Debug|Any CPU
		{75133810-BE15-4762-A8F7-A3BF689D7966}.Release|Any CPU.Build.0 = Debug|Any CPU
		{75133810-BE15-4762-A8F7-A3BF689D7966}.Release|Mixed Platforms.ActiveCfg = Debug|Any CPU
		{75133810-BE15-4762-A8F7-A3BF689D7966}.Release|Mixed Platforms.Build.0 = Debug|Any CPU
		{7F7254B6-0BB4-4EB8-9E1B-F3F49D64182F}.Debug|.NET.ActiveCfg = Debug|Any CPU
		{7F7254B6-0BB4-4EB8-9E1B-F3F49D64182F}.Debug|Any CPU.ActiveCfg = Debug|Any CPU
		{7F7254B6-0BB4-4EB8-9E1B-F3F49D64182F}.Debug|Any CPU.Build.0 = Debug|Any CPU
		{7F7254B6-0BB4-4EB8-9E1B-F3F49D64182F}.Debug|Mixed Platforms.ActiveCfg = Debug|Any CPU
		{7F7254B6-0BB4-4EB8-9E1B-F3F49D64182F}.Debug|Mixed Platforms.Build.0 = Debug|Any CPU
		{7F7254B6-0BB4-4EB8-9E1B-F3F49D64182F}.Release|.NET.ActiveCfg = Debug|Any CPU
		{7F7254B6-0BB4-4EB8-9E1B-F3F49D64182F}.Release|Any CPU.ActiveCfg = Debug|Any CPU
		{7F7254B6-0BB4-4EB8-9E1B-F3F49D64182F}.Release|Any CPU.Build.0 = Debug|Any CPU
		{7F7254B6-0BB4-4EB8-9E1B-F3F49D64182F}.Release|Mixed Platforms.ActiveCfg = Debug|Any CPU
		{7F7254B6-0BB4-4EB8-9E1B-F3F49D64182F}.Release|Mixed Platforms.Build.0 = Debug|Any CPU
		{C55CE718-E6BF-48FF-8FE7-C1C16436D9D4}.Debug|.NET.ActiveCfg = Debug|Any CPU
		{C55CE718-E6BF-48FF-8FE7-C1C16436D9D4}.Debug|Any CPU.ActiveCfg = Debug|Any CPU
		{C55CE718-E6BF-48FF-8FE7-C1C16436D9D4}.Debug|Any CPU.Build.0 = Debug|Any CPU
		{C55CE718-E6BF-48FF-8FE7-C1C16436D9D4}.Debug|Mixed Platforms.ActiveCfg = Debug|Any CPU
		{C55CE718-E6BF-48FF-8FE7-C1C16436D9D4}.Debug|Mixed Platforms.Build.0 = Debug|Any CPU
		{C55CE718-E6BF-48FF-8FE7-C1C16436D9D4}.Release|.NET.ActiveCfg = Debug|Any CPU
		{C55CE718-E6BF-48FF-8FE7-C1C16436D9D4}.Release|Any CPU.ActiveCfg = Debug|Any CPU
		{C55CE718-E6BF-48FF-8FE7-C1C16436D9D4}.Release|Any CPU.Build.0 = Debug|Any CPU
		{C55CE718-E6BF-48FF-8FE7-C1C16436D9D4}.Release|Mixed Platforms.ActiveCfg = Debug|Any CPU
		{C55CE718-E6BF-48FF-8FE7-C1C16436D9D4}.Release|Mixed Platforms.Build.0 = Debug|Any CPU
	EndGlobalSection
	GlobalSection(SolutionProperties) = preSolution
		HideSolutionNode = FALSE
	EndGlobalSection
EndGlobal
